
Microsoft Visual Studio Solution File, Format Version 12.00
# Visual Studio 15
VisualStudioVersion = 15.0.28307.438
MinimumVisualStudioVersion = 10.0.40219.1
Project("{8BC9CEB8-8B4A-11D0-8D11-00A0C91BC942}") = "FCExporter", "FCExporter\FCExporter.vcxproj", "{834EF9D7-9BF4-4501-A51D-0080DB835643}"
EndProject
Global
	GlobalSection(SolutionConfigurationPlatforms) = preSolution
		Debug|x64 = Debug|x64
		Debug|x86 = Debug|x86
		Release|x64 = Release|x64
		Release|x86 = Release|x86
	EndGlobalSection
	GlobalSection(ProjectConfigurationPlatforms) = postSolution
		{834EF9D7-9BF4-4501-A51D-0080DB835643}.Debug|x64.ActiveCfg = Debug|x64
		{834EF9D7-9BF4-4501-A51D-0080DB835643}.Debug|x64.Build.0 = Debug|x64
		{834EF9D7-9BF4-4501-A51D-0080DB835643}.Debug|x86.ActiveCfg = Debug|Win32
		{834EF9D7-9BF4-4501-A51D-0080DB835643}.Debug|x86.Build.0 = Debug|Win32
		{834EF9D7-9BF4-4501-A51D-0080DB835643}.Release|x64.ActiveCfg = Release|x64
		{834EF9D7-9BF4-4501-A51D-0080DB835643}.Release|x64.Build.0 = Release|x64
		{834EF9D7-9BF4-4501-A51D-0080DB835643}.Release|x86.ActiveCfg = Release|Win32
		{834EF9D7-9BF4-4501-A51D-0080DB835643}.Release|x86.Build.0 = Release|Win32
		{4AA5576C-D8F8-4066-B44A-0454FE057580}.Debug|x64.ActiveCfg = Debug|x64
		{4AA5576C-D8F8-4066-B44A-0454FE057580}.Debug|x64.Build.0 = Debug|x64
		{4AA5576C-D8F8-4066-B44A-0454FE057580}.Debug|x86.ActiveCfg = Debug|Win32
		{4AA5576C-D8F8-4066-B44A-0454FE057580}.Debug|x86.Build.0 = Debug|Win32
		{4AA5576C-D8F8-4066-B44A-0454FE057580}.Release|x64.ActiveCfg = Release|x64
		{4AA5576C-D8F8-4066-B44A-0454FE057580}.Release|x64.Build.0 = Release|x64
		{4AA5576C-D8F8-4066-B44A-0454FE057580}.Release|x86.ActiveCfg = Release|Win32
		{4AA5576C-D8F8-4066-B44A-0454FE057580}.Release|x86.Build.0 = Release|Win32
	EndGlobalSection
	GlobalSection(SolutionProperties) = preSolution
		HideSolutionNode = FALSE
	EndGlobalSection
	GlobalSection(ExtensibilityGlobals) = postSolution
		SolutionGuid = {D06E1DB7-1246-4F11-98DE-68E465E7A280}
	EndGlobalSection
EndGlobal
